# This file is automatically @generated by Cargo.
# It is not intended for manual editing.
version = 4

[[package]]
name = "lichen-apps"
version = "0.1.0"
dependencies = [
 "lichen-node",
]

[[package]]
name = "lichen-coap"
version = "0.1.0"
dependencies = [
 "lichen-core",
]

[[package]]
name = "lichen-core"
version = "0.1.0"

[[package]]
name = "lichen-gateway"
version = "0.1.0"
dependencies = [
 "lichen-core",
 "lichen-node",
]

[[package]]
name = "lichen-link"
version = "0.1.0"
dependencies = [
 "lichen-core",
]

[[package]]
name = "lichen-node"
version = "0.1.0"
dependencies = [
 "lichen-coap",
 "lichen-core",
 "lichen-link",
 "lichen-schc",
]

[[package]]
name = "lichen-schc"
version = "0.1.0"
dependencies = [
 "lichen-core",
]

[[package]]
name = "lichen-senml"
version = "0.1.0"
dependencies = [
 "lichen-core",
]

[[package]]
name = "lichen-sim"
version = "0.1.0"
dependencies = [
 "lichen-node",
]
